{
  "name": "satisfactory-blueprint-restoration",
  "version": "1.0.0",
  "lockfileVersion": 3,
  "requires": true,
  "packages": {
    "": {
      "name": "satisfactory-blueprint-restoration",
      "version": "1.0.0",
      "license": "ISC",
      "dependencies": {
        "@etothepii/satisfactory-file-parser": "^4.1.1"
      }
    },
    "node_modules/@etothepii/satisfactory-file-parser": {
      "version": "4.1.1",
      "resolved": "https://registry.npmjs.org/@etothepii/satisfactory-file-parser/-/satisfactory-file-parser-4.1.1.tgz",
      "integrity": "sha512-5xVYuM5aL8hZ2RZk8FfvUnUL6dt6GkUAFgFV66g+z1mGliUsgwwUJiKSqhJK3APwq6dLB3cmlD8W7n/qYpTySA==",
      "license": "MIT",
      "dependencies": {
        "pako": "^2.1.0"
      }
    },
    "node_modules/pako": {
      "version": "2.2.0",
      "resolved": "https://registry.npmjs.org/pako/-/pako-2.2.0.tgz",
      "integrity": "sha512-zJq6RP/5q+TO2OpFV3FHzlPnFjmkb7Nc99a5SNjJE+uu/PkpChs+NIZSSzbBoD+6kjiISXjfYdwj1ZRQ81dz/w==",
      "funding": [
        {
          "type": "github",
          "url": "https://github.com/sponsors/puzrin"
        },
        {
          "type": "github",
          "url": "https://github.com/sponsors/nodeca"
        }
      ],
      "license": "(MIT AND Zlib)"
    }
  }
}
